
Microsoft Visual Studio Solution File, Format Version 12.00
# Visual Studio Version 17
VisualStudioVersion = 17.12.35506.116 d17.12
MinimumVisualStudioVersion = 10.0.40219.1
Project("{FAE04EC0-301F-11D3-BF4B-00C04F79EFBC}") = "Proj_Filas_Acessos", "Proj_Filas_Acessos\Proj_Filas_Acessos.csproj", "{AAD10556-E8F7-41DE-8D97-CA7B1C66A84A}"
EndProject
Global
	GlobalSection(SolutionConfigurationPlatforms) = preSolution
		Debug|Any CPU = Debug|Any CPU
		Release|Any CPU = Release|Any CPU
	EndGlobalSection
	GlobalSection(ProjectConfigurationPlatforms) = postSolution
		{AAD10556-E8F7-41DE-8D97-CA7B1C66A84A}.Debug|Any CPU.ActiveCfg = Debug|Any CPU
		{AAD10556-E8F7-41DE-8D97-CA7B1C66A84A}.Debug|Any CPU.Build.0 = Debug|Any CPU
		{AAD10556-E8F7-41DE-8D97-CA7B1C66A84A}.Release|Any CPU.ActiveCfg = Release|Any CPU
		{AAD10556-E8F7-41DE-8D97-CA7B1C66A84A}.Release|Any CPU.Build.0 = Release|Any CPU
	EndGlobalSection
	GlobalSection(SolutionProperties) = preSolution
		HideSolutionNode = FALSE
	EndGlobalSection
EndGlobal
